// !$*UTF8*$!
{
	archiveVersion = 1;
	classes = {
	};
	objectVersion = 55;
	objects = {

/* Begin PBXBuildFile section */
		E6E431AB27163D2700DE969C /* ACT Voice Demo WatchKit App.app in Embed Watch Content */ = {isa = PBXBuildFile; fileRef = E6E431AA27163D2700DE969C /* ACT Voice Demo WatchKit App.app */; settings = {ATTRIBUTES = (RemoveHeadersOnCopy, ); }; };
		E6E431B027163D2800DE969C /* Assets.xcassets in Resources */ = {isa = PBXBuildFile; fileRef = E6E431AF27163D2800DE969C /* Assets.xcassets */; };
		E6E431B627163D2800DE969C /* ACT Voice Demo WatchKit Extension.appex in Embed App Extensions */ = {isa = PBXBuildFile; fileRef = E6E431B527163D2800DE969C /* ACT Voice Demo WatchKit Extension.appex */; settings = {ATTRIBUTES = (RemoveHeadersOnCopy, ); }; };
		E6E431BB27163D2800DE969C /* ContentView.swift in Sources */ = {isa = PBXBuildFile; fileRef = E6E431BA27163D2800DE969C /* ContentView.swift */; };
		E6E431BD27163D2800DE969C /* ACT_Voice_DemoApp.swift in Sources */ = {isa = PBXBuildFile; fileRef = E6E431BC27163D2800DE969C /* ACT_Voice_DemoApp.swift */; };
		E6E431BF27163D2800DE969C /* ComplicationController.swift in Sources */ = {isa = PBXBuildFile; fileRef = E6E431BE27163D2800DE969C /* ComplicationController.swift */; };
		E6E431C127163D2900DE969C /* Assets.xcassets in Resources */ = {isa = PBXBuildFile; fileRef = E6E431C027163D2900DE969C /* Assets.xcassets */; };
		E6E431C427163D2900DE969C /* Preview Assets.xcassets in Resources */ = {isa = PBXBuildFile; fileRef = E6E431C327163D2900DE969C /* Preview Assets.xcassets */; };
/* End PBXBuildFile section */

/* Begin PBXContainerItemProxy section */
		E6E431AC27163D2700DE969C /* PBXContainerItemProxy */ = {
			isa = PBXContainerItemProxy;
			containerPortal = E6E431A027163D2700DE969C /* Project object */;
			proxyType = 1;
			remoteGlobalIDString = E6E431A927163D2700DE969C;
			remoteInfo = "ACT Voice Demo WatchKit App";
		};
		E6E431B727163D2800DE969C /* PBXContainerItemProxy */ = {
			isa = PBXContainerItemProxy;
			containerPortal = E6E431A027163D2700DE969C /* Project object */;
			proxyType = 1;
			remoteGlobalIDString = E6E431B427163D2800DE969C;
			remoteInfo = "ACT Voice Demo WatchKit Extension";
		};
/* End PBXContainerItemProxy section */

/* Begin PBXCopyFilesBuildPhase section */
		E6E431CB27163D2900DE969C /* Embed App Extensions */ = {
			isa = PBXCopyFilesBuildPhase;
			buildActionMask = 2147483647;
			dstPath = "";
			dstSubfolderSpec = 13;
			files = (
				E6E431B627163D2800DE969C /* ACT Voice Demo WatchKit Extension.appex in Embed App Extensions */,
			);
			name = "Embed App Extensions";
			runOnlyForDeploymentPostprocessing = 0;
		};
		E6E431CF27163D2900DE969C /* Embed Watch Content */ = {
			isa = PBXCopyFilesBuildPhase;
			buildActionMask = 2147483647;
			dstPath = "$(CONTENTS_FOLDER_PATH)/Watch";
			dstSubfolderSpec = 16;
			files = (
				E6E431AB27163D2700DE969C /* ACT Voice Demo WatchKit App.app in Embed Watch Content */,
			);
			name = "Embed Watch Content";
			runOnlyForDeploymentPostprocessing = 0;
		};
/* End PBXCopyFilesBuildPhase section */

/* Begin PBXFileReference section */
		E6E431A627163D2700DE969C /* ACT Voice Demo.app */ = {isa = PBXFileReference; explicitFileType = wrapper.application; includeInIndex = 0; path = "ACT Voice Demo.app"; sourceTree = BUILT_PRODUCTS_DIR; };
		E6E431AA27163D2700DE969C /* ACT Voice Demo WatchKit App.app */ = {isa = PBXFileReference; explicitFileType = wrapper.application; includeInIndex = 0; path = "ACT Voice Demo WatchKit App.app"; sourceTree = BUILT_PRODUCTS_DIR; };
		E6E431AF27163D2800DE969C /* Assets.xcassets */ = {isa = PBXFileReference; lastKnownFileType = folder.assetcatalog; path = Assets.xcassets; sourceTree = "<group>"; };
		E6E431B527163D2800DE969C /* ACT Voice Demo WatchKit Extension.appex */ = {isa = PBXFileReference; explicitFileType = "wrapper.app-extension"; includeInIndex = 0; path = "ACT Voice Demo WatchKit Extension.appex"; sourceTree = BUILT_PRODUCTS_DIR; };
		E6E431BA27163D2800DE969C /* ContentView.swift */ = {isa = PBXFileReference; lastKnownFileType = sourcecode.swift; path = ContentView.swift; sourceTree = "<group>"; };
		E6E431BC27163D2800DE969C /* ACT_Voice_DemoApp.swift */ = {isa = PBXFileReference; lastKnownFileType = sourcecode.swift; path = ACT_Voice_DemoApp.swift; sourceTree = "<group>"; };
		E6E431BE27163D2800DE969C /* ComplicationController.swift */ = {isa = PBXFileReference; lastKnownFileType = sourcecode.swift; path = ComplicationController.swift; sourceTree = "<group>"; };
		E6E431C027163D2900DE969C /* Assets.xcassets */ = {isa = PBXFileReference; lastKnownFileType = folder.assetcatalog; path = Assets.xcassets; sourceTree = "<group>"; };
		E6E431C327163D2900DE969C /* Preview Assets.xcassets */ = {isa = PBXFileReference; lastKnownFileType = folder.assetcatalog; path = "Preview Assets.xcassets"; sourceTree = "<group>"; };
		E6E431C527163D2900DE969C /* Info.plist */ = {isa = PBXFileReference; lastKnownFileType = text.plist.xml; path = Info.plist; sourceTree = "<group>"; };
/* End PBXFileReference section */

/* Begin PBXFrameworksBuildPhase section */
		E6E431B227163D2800DE969C /* Frameworks */ = {
			isa = PBXFrameworksBuildPhase;
			buildActionMask = 2147483647;
			files = (
			);
			runOnlyForDeploymentPostprocessing = 0;
		};
/* End PBXFrameworksBuildPhase section */

/* Begin PBXGroup section */
		E6E4319F27163D2700DE969C = {
			isa = PBXGroup;
			children = (
				E6E431AE27163D2700DE969C /* ACT Voice Demo WatchKit App */,
				E6E431B927163D2800DE969C /* ACT Voice Demo WatchKit Extension */,
				E6E431A727163D2700DE969C /* Products */,
			);
			sourceTree = "<group>";
		};
		E6E431A727163D2700DE969C /* Products */ = {
			isa = PBXGroup;
			children = (
				E6E431A627163D2700DE969C /* ACT Voice Demo.app */,
				E6E431AA27163D2700DE969C /* ACT Voice Demo WatchKit App.app */,
				E6E431B527163D2800DE969C /* ACT Voice Demo WatchKit Extension.appex */,
			);
			name = Products;
			sourceTree = "<group>";
		};
		E6E431AE27163D2700DE969C /* ACT Voice Demo WatchKit App */ = {
			isa = PBXGroup;
			children = (
				E6E431AF27163D2800DE969C /* Assets.xcassets */,
			);
			path = "ACT Voice Demo WatchKit App";
			sourceTree = "<group>";
		};
		E6E431B927163D2800DE969C /* ACT Voice Demo WatchKit Extension */ = {
			isa = PBXGroup;
			children = (
				E6E431BA27163D2800DE969C /* ContentView.swift */,
				E6E431BC27163D2800DE969C /* ACT_Voice_DemoApp.swift */,
				E6E431BE27163D2800DE969C /* ComplicationController.swift */,
				E6E431C027163D2900DE969C /* Assets.xcassets */,
				E6E431C527163D2900DE969C /* Info.plist */,
				E6E431C227163D2900DE969C /* Preview Content */,
			);
			path = "ACT Voice Demo WatchKit Extension";
			sourceTree = "<group>";
		};
		E6E431C227163D2900DE969C /* Preview Content */ = {
			isa = PBXGroup;
			children = (
				E6E431C327163D2900DE969C /* Preview Assets.xcassets */,
			);
			path = "Preview Content";
			sourceTree = "<group>";
		};
/* End PBXGroup section */

/* Begin PBXNativeTarget section */
		E6E431A527163D2700DE969C /* ACT Voice Demo */ = {
			isa = PBXNativeTarget;
			buildConfigurationList = E6E431D027163D2900DE969C /* Build configuration list for PBXNativeTarget "ACT Voice Demo" */;
			buildPhases = (
				E6E431A427163D2700DE969C /* Resources */,
				E6E431CF27163D2900DE969C /* Embed Watch Content */,
			);
			buildRules = (
			);
			dependencies = (
				E6E431AD27163D2700DE969C /* PBXTargetDependency */,
			);
			name = "ACT Voice Demo";
			productName = "ACT Voice Demo";
			productReference = E6E431A627163D2700DE969C /* ACT Voice Demo.app */;
			productType = "com.apple.product-type.application.watchapp2-container";
		};
		E6E431A927163D2700DE969C /* ACT Voice Demo WatchKit App */ = {
			isa = PBXNativeTarget;
			buildConfigurationList = E6E431CC27163D2900DE969C /* Build configuration list for PBXNativeTarget "ACT Voice Demo WatchKit App" */;
			buildPhases = (
				E6E431A827163D2700DE969C /* Resources */,
				E6E431CB27163D2900DE969C /* Embed App Extensions */,
			);
			buildRules = (
			);
			dependencies = (
				E6E431B827163D2800DE969C /* PBXTargetDependency */,
			);
			name = "ACT Voice Demo WatchKit App";
			productName = "ACT Voice Demo WatchKit App";
			productReference = E6E431AA27163D2700DE969C /* ACT Voice Demo WatchKit App.app */;
			productType = "com.apple.product-type.application.watchapp2";
		};
		E6E431B427163D2800DE969C /* ACT Voice Demo WatchKit Extension */ = {
			isa = PBXNativeTarget;
			buildConfigurationList = E6E431C827163D2900DE969C /* Build configuration list for PBXNativeTarget "ACT Voice Demo WatchKit Extension" */;
			buildPhases = (
				E6E431B127163D2800DE969C /* Sources */,
				E6E431B227163D2800DE969C /* Frameworks */,
				E6E431B327163D2800DE969C /* Resources */,
			);
			buildRules = (
			);
			dependencies = (
			);
			name = "ACT Voice Demo WatchKit Extension";
			productName = "ACT Voice Demo WatchKit Extension";
			productReference = E6E431B527163D2800DE969C /* ACT Voice Demo WatchKit Extension.appex */;
			productType = "com.apple.product-type.watchkit2-extension";
		};
/* End PBXNativeTarget section */

/* Begin PBXProject section */
		E6E431A027163D2700DE969C /* Project object */ = {
			isa = PBXProject;
			attributes = {
				BuildIndependentTargetsInParallel = 1;
				LastSwiftUpdateCheck = 1300;
				LastUpgradeCheck = 1300;
				TargetAttributes = {
					E6E431A527163D2700DE969C = {
						CreatedOnToolsVersion = 13.0;
					};
					E6E431A927163D2700DE969C = {
						CreatedOnToolsVersion = 13.0;
					};
					E6E431B427163D2800DE969C = {
						CreatedOnToolsVersion = 13.0;
					};
				};
			};
			buildConfigurationList = E6E431A327163D2700DE969C /* Build configuration list for PBXProject "ACT Voice Demo" */;
			compatibilityVersion = "Xcode 13.0";
			developmentRegion = en;
			hasScannedForEncodings = 0;
			knownRegions = (
				en,
				Base,
			);
			mainGroup = E6E4319F27163D2700DE969C;
			productRefGroup = E6E431A727163D2700DE969C /* Products */;
			projectDirPath = "";
			projectRoot = "";
			targets = (
				E6E431A527163D2700DE969C /* ACT Voice Demo */,
				E6E431A927163D2700DE969C /* ACT Voice Demo WatchKit App */,
				E6E431B427163D2800DE969C /* ACT Voice Demo WatchKit Extension */,
			);
		};
/* End PBXProject section */

/* Begin PBXResourcesBuildPhase section */
		E6E431A427163D2700DE969C /* Resources */ = {
			isa = PBXResourcesBuildPhase;
			buildActionMask = 2147483647;
			files = (
			);
			runOnlyForDeploymentPostprocessing = 0;
		};
		E6E431A827163D2700DE969C /* Resources */ = {
			isa = PBXResourcesBuildPhase;
			buildActionMask = 2147483647;
			files = (
				E6E431B027163D2800DE969C /* Assets.xcassets in Resources */,
			);
			runOnlyForDeploymentPostprocessing = 0;
		};
		E6E431B327163D2800DE969C /* Resources */ = {
			isa = PBXResourcesBuildPhase;
			buildActionMask = 2147483647;
			files = (
				E6E431C427163D2900DE969C /* Preview Assets.xcassets in Resources */,
				E6E431C127163D2900DE969C /* Assets.xcassets in Resources */,
			);
			runOnlyForDeploymentPostprocessing = 0;
		};
/* End PBXResourcesBuildPhase section */

/* Begin PBXSourcesBuildPhase section */
		E6E431B127163D2800DE969C /* Sources */ = {
			isa = PBXSourcesBuildPhase;
			buildActionMask = 2147483647;
			files = (
				E6E431BD27163D2800DE969C /* ACT_Voice_DemoApp.swift in Sources */,
				E6E431BB27163D2800DE969C /* ContentView.swift in Sources */,
				E6E431BF27163D2800DE969C /* ComplicationController.swift in Sources */,
			);
			runOnlyForDeploymentPostprocessing = 0;
		};
/* End PBXSourcesBuildPhase section */

/* Begin PBXTargetDependency section */
		E6E431AD27163D2700DE969C /* PBXTargetDependency */ = {
			isa = PBXTargetDependency;
			target = E6E431A927163D2700DE969C /* ACT Voice Demo WatchKit App */;
			targetProxy = E6E431AC27163D2700DE969C /* PBXContainerItemProxy */;
		};
		E6E431B827163D2800DE969C /* PBXTargetDependency */ = {
			isa = PBXTargetDependency;
			target = E6E431B427163D2800DE969C /* ACT Voice Demo WatchKit Extension */;
			targetProxy = E6E431B727163D2800DE969C /* PBXContainerItemProxy */;
		};
/* End PBXTargetDependency section */

/* Begin XCBuildConfiguration section */
		E6E431C627163D2900DE969C /* Debug */ = {
			isa = XCBuildConfiguration;
			buildSettings = {
				ALWAYS_SEARCH_USER_PATHS = NO;
				CLANG_ANALYZER_NONNULL = YES;
				CLANG_ANALYZER_NUMBER_OBJECT_CONVERSION = YES_AGGRESSIVE;
				CLANG_CXX_LANGUAGE_STANDARD = "gnu++17";
				CLANG_CXX_LIBRARY = "libc++";
				CLANG_ENABLE_MODULES = YES;
				CLANG_ENABLE_OBJC_ARC = YES;
				CLANG_ENABLE_OBJC_WEAK = YES;
				CLANG_WARN_BLOCK_CAPTURE_AUTORELEASING = YES;
				CLANG_WARN_BOOL_CONVERSION = YES;
				CLANG_WARN_COMMA = YES;
				CLANG_WARN_CONSTANT_CONVERSION = YES;
				CLANG_WARN_DEPRECATED_OBJC_IMPLEMENTATIONS = YES;
				CLANG_WARN_DIRECT_OBJC_ISA_USAGE = YES_ERROR;
				CLANG_WARN_DOCUMENTATION_COMMENTS = YES;
				CLANG_WARN_EMPTY_BODY = YES;
				CLANG_WARN_ENUM_CONVERSION = YES;
				CLANG_WARN_INFINITE_RECURSION = YES;
				CLANG_WARN_INT_CONVERSION = YES;
				CLANG_WARN_NON_LITERAL_NULL_CONVERSION = YES;
				CLANG_WARN_OBJC_IMPLICIT_RETAIN_SELF = YES;
				CLANG_WARN_OBJC_LITERAL_CONVERSION = YES;
				CLANG_WARN_OBJC_ROOT_CLASS = YES_ERROR;
				CLANG_WARN_QUOTED_INCLUDE_IN_FRAMEWORK_HEADER = YES;
				CLANG_WARN_RANGE_LOOP_ANALYSIS = YES;
				CLANG_WARN_STRICT_PROTOTYPES = YES;
				CLANG_WARN_SUSPICIOUS_MOVE = YES;
				CLANG_WARN_UNGUARDED_AVAILABILITY = YES_AGGRESSIVE;
				CLANG_WARN_UNREACHABLE_CODE = YES;
				CLANG_WARN__DUPLICATE_METHOD_MATCH = YES;
				COPY_PHASE_STRIP = NO;
				DEBUG_INFORMATION_FORMAT = dwarf;
				ENABLE_STRICT_OBJC_MSGSEND = YES;
				ENABLE_TESTABILITY = YES;
				GCC_C_LANGUAGE_STANDARD = gnu11;
				GCC_DYNAMIC_NO_PIC = NO;
				GCC_NO_COMMON_BLOCKS = YES;
				GCC_OPTIMIZATION_LEVEL = 0;
				GCC_PREPROCESSOR_DEFINITIONS = (
					"DEBUG=1",
					"$(inherited)",
				);
				GCC_WARN_64_TO_32_BIT_CONVERSION = YES;
				GCC_WARN_ABOUT_RETURN_TYPE = YES_ERROR;
				GCC_WARN_UNDECLARED_SELECTOR = YES;
				GCC_WARN_UNINITIALIZED_AUTOS = YES_AGGRESSIVE;
				GCC_WARN_UNUSED_FUNCTION = YES;
				GCC_WARN_UNUSED_VARIABLE = YES;
				MTL_ENABLE_DEBUG_INFO = INCLUDE_SOURCE;
				MTL_FAST_MATH = YES;
				ONLY_ACTIVE_ARCH = YES;
				SDKROOT = iphoneos;
				SWIFT_ACTIVE_COMPILATION_CONDITIONS = DEBUG;
				SWIFT_OPTIMIZATION_LEVEL = "-Onone";
			};
			name = Debug;
		};
		E6E431C727163D2900DE969C /* Release */ = {
			isa = XCBuildConfiguration;
			buildSettings = {
				ALWAYS_SEARCH_USER_PATHS = NO;
				CLANG_ANALYZER_NONNULL = YES;
				CLANG_ANALYZER_NUMBER_OBJECT_CONVERSION = YES_AGGRESSIVE;
				CLANG_CXX_LANGUAGE_STANDARD = "gnu++17";
				CLANG_CXX_LIBRARY = "libc++";
				CLANG_ENABLE_MODULES = YES;
				CLANG_ENABLE_OBJC_ARC = YES;
				CLANG_ENABLE_OBJC_WEAK = YES;
				CLANG_WARN_BLOCK_CAPTURE_AUTORELEASING = YES;
				CLANG_WARN_BOOL_CONVERSION = YES;
				CLANG_WARN_COMMA = YES;
				CLANG_WARN_CONSTANT_CONVERSION = YES;
				CLANG_WARN_DEPRECATED_OBJC_IMPLEMENTATIONS = YES;
				CLANG_WARN_DIRECT_OBJC_ISA_USAGE = YES_ERROR;
				CLANG_WARN_DOCUMENTATION_COMMENTS = YES;
				CLANG_WARN_EMPTY_BODY = YES;
				CLANG_WARN_ENUM_CONVERSION = YES;
				CLANG_WARN_INFINITE_RECURSION = YES;
				CLANG_WARN_INT_CONVERSION = YES;
				CLANG_WARN_NON_LITERAL_NULL_CONVERSION = YES;
				CLANG_WARN_OBJC_IMPLICIT_RETAIN_SELF = YES;
				CLANG_WARN_OBJC_LITERAL_CONVERSION = YES;
				CLANG_WARN_OBJC_ROOT_CLASS = YES_ERROR;
				CLANG_WARN_QUOTED_INCLUDE_IN_FRAMEWORK_HEADER = YES;
				CLANG_WARN_RANGE_LOOP_ANALYSIS = YES;
				CLANG_WARN_STRICT_PROTOTYPES = YES;
				CLANG_WARN_SUSPICIOUS_MOVE = YES;
				CLANG_WARN_UNGUARDED_AVAILABILITY = YES_AGGRESSIVE;
				CLANG_WARN_UNREACHABLE_CODE = YES;
				CLANG_WARN__DUPLICATE_METHOD_MATCH = YES;
				COPY_PHASE_STRIP = NO;
				DEBUG_INFORMATION_FORMAT = "dwarf-with-dsym";
				ENABLE_NS_ASSERTIONS = NO;
				ENABLE_STRICT_OBJC_MSGSEND = YES;
				GCC_C_LANGUAGE_STANDARD = gnu11;
				GCC_NO_COMMON_BLOCKS = YES;
				GCC_WARN_64_TO_32_BIT_CONVERSION = YES;
				GCC_WARN_ABOUT_RETURN_TYPE = YES_ERROR;
				GCC_WARN_UNDECLARED_SELECTOR = YES;
				GCC_WARN_UNINITIALIZED_AUTOS = YES_AGGRESSIVE;
				GCC_WARN_UNUSED_FUNCTION = YES;
				GCC_WARN_UNUSED_VARIABLE = YES;
				MTL_ENABLE_DEBUG_INFO = NO;
				MTL_FAST_MATH = YES;
				SDKROOT = iphoneos;
				SWIFT_COMPILATION_MODE = wholemodule;
				SWIFT_OPTIMIZATION_LEVEL = "-O";
				VALIDATE_PRODUCT = YES;
			};
			name = Release;
		};
		E6E431C927163D2900DE969C /* Debug */ = {
			isa = XCBuildConfiguration;
			buildSettings = {
				ASSETCATALOG_COMPILER_COMPLICATION_NAME = Complication;
				CODE_SIGN_STYLE = Automatic;
				CURRENT_PROJECT_VERSION = 1;
				DEVELOPMENT_ASSET_PATHS = "\"ACT Voice Demo WatchKit Extension/Preview Content\"";
				ENABLE_PREVIEWS = YES;
				GENERATE_INFOPLIST_FILE = YES;
				INFOPLIST_FILE = "ACT Voice Demo WatchKit Extension/Info.plist";
				INFOPLIST_KEY_CFBundleDisplayName = "ACT Voice Demo WatchKit Extension";
				INFOPLIST_KEY_CLKComplicationPrincipalClass = "$(PRODUCT_MODULE_NAME).ComplicationController";
				INFOPLIST_KEY_NSHumanReadableCopyright = "";
				INFOPLIST_KEY_WKWatchOnly = YES;
				LD_RUNPATH_SEARCH_PATHS = (
					"$(inherited)",
					"@executable_path/Frameworks",
					"@executable_path/../../Frameworks",
				);
				MARKETING_VERSION = 1.0;
				PRODUCT_BUNDLE_IDENTIFIER = "com.Healy.ACT-Voice-Demo.watchkitapp.watchkitextension";
				PRODUCT_NAME = "${TARGET_NAME}";
				SDKROOT = watchos;
				SKIP_INSTALL = YES;
				SWIFT_EMIT_LOC_STRINGS = YES;
				SWIFT_VERSION = 5.0;
				TARGETED_DEVICE_FAMILY = 4;
				WATCHOS_DEPLOYMENT_TARGET = 8.0;
			};
			name = Debug;
		};
		E6E431CA27163D2900DE969C /* Release */ = {
			isa = XCBuildConfiguration;
			buildSettings = {
				ASSETCATALOG_COMPILER_COMPLICATION_NAME = Complication;
				CODE_SIGN_STYLE = Automatic;
				CURRENT_PROJECT_VERSION = 1;
				DEVELOPMENT_ASSET_PATHS = "\"ACT Voice Demo WatchKit Extension/Preview Content\"";
				ENABLE_PREVIEWS = YES;
				GENERATE_INFOPLIST_FILE = YES;
				INFOPLIST_FILE = "ACT Voice Demo WatchKit Extension/Info.plist";
				INFOPLIST_KEY_CFBundleDisplayName = "ACT Voice Demo WatchKit Extension";
				INFOPLIST_KEY_CLKComplicationPrincipalClass = "$(PRODUCT_MODULE_NAME).ComplicationController";
				INFOPLIST_KEY_NSHumanReadableCopyright = "";
				INFOPLIST_KEY_WKWatchOnly = YES;
				LD_RUNPATH_SEARCH_PATHS = (
					"$(inherited)",
					"@executable_path/Frameworks",
					"@executable_path/../../Frameworks",
				);
				MARKETING_VERSION = 1.0;
				PRODUCT_BUNDLE_IDENTIFIER = "com.Healy.ACT-Voice-Demo.watchkitapp.watchkitextension";
				PRODUCT_NAME = "${TARGET_NAME}";
				SDKROOT = watchos;
				SKIP_INSTALL = YES;
				SWIFT_EMIT_LOC_STRINGS = YES;
				SWIFT_VERSION = 5.0;
				TARGETED_DEVICE_FAMILY = 4;
				WATCHOS_DEPLOYMENT_TARGET = 8.0;
			};
			name = Release;
		};
		E6E431CD27163D2900DE969C /* Debug */ = {
			isa = XCBuildConfiguration;
			buildSettings = {
				ALWAYS_EMBED_SWIFT_STANDARD_LIBRARIES = YES;
				ASSETCATALOG_COMPILER_APPICON_NAME = AppIcon;
				ASSETCATALOG_COMPILER_GLOBAL_ACCENT_COLOR_NAME = AccentColor;
				CODE_SIGN_STYLE = Automatic;
				CURRENT_PROJECT_VERSION = 1;
				GENERATE_INFOPLIST_FILE = YES;
				IBSC_MODULE = ACT_Voice_Demo_WatchKit_Extension;
				INFOPLIST_KEY_CFBundleDisplayName = "ACT Voice Demo WatchKit App";
				INFOPLIST_KEY_UISupportedInterfaceOrientations = "UIInterfaceOrientationPortrait UIInterfaceOrientationPortraitUpsideDown";
				MARKETING_VERSION = 1.0;
				PRODUCT_BUNDLE_IDENTIFIER = "com.Healy.ACT-Voice-Demo.watchkitapp";
				PRODUCT_NAME = "$(TARGET_NAME)";
				SDKROOT = watchos;
				SKIP_INSTALL = YES;
				SWIFT_EMIT_LOC_STRINGS = YES;
				SWIFT_VERSION = 5.0;
				TARGETED_DEVICE_FAMILY = 4;
				WATCHOS_DEPLOYMENT_TARGET = 8.0;
			};
			name = Debug;
		};
		E6E431CE27163D2900DE969C /* Release */ = {
			isa = XCBuildConfiguration;
			buildSettings = {
				ALWAYS_EMBED_SWIFT_STANDARD_LIBRARIES = YES;
				ASSETCATALOG_COMPILER_APPICON_NAME = AppIcon;
				ASSETCATALOG_COMPILER_GLOBAL_ACCENT_COLOR_NAME = AccentColor;
				CODE_SIGN_STYLE = Automatic;
				CURRENT_PROJECT_VERSION = 1;
				GENERATE_INFOPLIST_FILE = YES;
				IBSC_MODULE = ACT_Voice_Demo_WatchKit_Extension;
				INFOPLIST_KEY_CFBundleDisplayName = "ACT Voice Demo WatchKit App";
				INFOPLIST_KEY_UISupportedInterfaceOrientations = "UIInterfaceOrientationPortrait UIInterfaceOrientationPortraitUpsideDown";
				MARKETING_VERSION = 1.0;
				PRODUCT_BUNDLE_IDENTIFIER = "com.Healy.ACT-Voice-Demo.watchkitapp";
				PRODUCT_NAME = "$(TARGET_NAME)";
				SDKROOT = watchos;
				SKIP_INSTALL = YES;
				SWIFT_EMIT_LOC_STRINGS = YES;
				SWIFT_VERSION = 5.0;
				TARGETED_DEVICE_FAMILY = 4;
				WATCHOS_DEPLOYMENT_TARGET = 8.0;
			};
			name = Release;
		};
		E6E431D127163D2900DE969C /* Debug */ = {
			isa = XCBuildConfiguration;
			buildSettings = {
				CODE_SIGN_STYLE = Automatic;
				CURRENT_PROJECT_VERSION = 1;
				MARKETING_VERSION = 1.0;
				PRODUCT_BUNDLE_IDENTIFIER = "com.Healy.ACT-Voice-Demo";
				PRODUCT_NAME = "$(TARGET_NAME)";
				SWIFT_VERSION = 5.0;
			};
			name = Debug;
		};
		E6E431D227163D2900DE969C /* Release */ = {
			isa = XCBuildConfiguration;
			buildSettings = {
				CODE_SIGN_STYLE = Automatic;
				CURRENT_PROJECT_VERSION = 1;
				MARKETING_VERSION = 1.0;
				PRODUCT_BUNDLE_IDENTIFIER = "com.Healy.ACT-Voice-Demo";
				PRODUCT_NAME = "$(TARGET_NAME)";
				SWIFT_VERSION = 5.0;
			};
			name = Release;
		};
/* End XCBuildConfiguration section */

/* Begin XCConfigurationList section */
		E6E431A327163D2700DE969C /* Build configuration list for PBXProject "ACT Voice Demo" */ = {
			isa = XCConfigurationList;
			buildConfigurations = (
				E6E431C627163D2900DE969C /* Debug */,
				E6E431C727163D2900DE969C /* Release */,
			);
			defaultConfigurationIsVisible = 0;
			defaultConfigurationName = Release;
		};
		E6E431C827163D2900DE969C /* Build configuration list for PBXNativeTarget "ACT Voice Demo WatchKit Extension" */ = {
			isa = XCConfigurationList;
			buildConfigurations = (
				E6E431C927163D2900DE969C /* Debug */,
				E6E431CA27163D2900DE969C /* Release */,
			);
			defaultConfigurationIsVisible = 0;
			defaultConfigurationName = Release;
		};
		E6E431CC27163D2900DE969C /* Build configuration list for PBXNativeTarget "ACT Voice Demo WatchKit App" */ = {
			isa = XCConfigurationList;
			buildConfigurations = (
				E6E431CD27163D2900DE969C /* Debug */,
				E6E431CE27163D2900DE969C /* Release */,
			);
			defaultConfigurationIsVisible = 0;
			defaultConfigurationName = Release;
		};
		E6E431D027163D2900DE969C /* Build configuration list for PBXNativeTarget "ACT Voice Demo" */ = {
			isa = XCConfigurationList;
			buildConfigurations = (
				E6E431D127163D2900DE969C /* Debug */,
				E6E431D227163D2900DE969C /* Release */,
			);
			defaultConfigurationIsVisible = 0;
			defaultConfigurationName = Release;
		};
/* End XCConfigurationList section */
	};
	rootObject = E6E431A027163D2700DE969C /* Project object */;
}
